
Microsoft Visual Studio Solution File, Format Version 12.00
# Visual Studio 15
VisualStudioVersion = 15.0.27703.2026
MinimumVisualStudioVersion = 10.0.40219.1
Project("{FAE04EC0-301F-11D3-BF4B-00C04F79EFBC}") = "NoughtsAndCrosses", "NoughtsAndCrosses\NoughtsAndCrosses.csproj", "{23279A4F-A218-4696-A1CC-0A5A6D99606E}"
EndProject
Global
	GlobalSection(SolutionConfigurationPlatforms) = preSolution
		Debug|Any CPU = Debug|Any CPU
		Release|Any CPU = Release|Any CPU
	EndGlobalSection
	GlobalSection(ProjectConfigurationPlatforms) = postSolution
		{23279A4F-A218-4696-A1CC-0A5A6D99606E}.Debug|Any CPU.ActiveCfg = Debug|Any CPU
		{23279A4F-A218-4696-A1CC-0A5A6D99606E}.Debug|Any CPU.Build.0 = Debug|Any CPU
		{23279A4F-A218-4696-A1CC-0A5A6D99606E}.Release|Any CPU.ActiveCfg = Release|Any CPU
		{23279A4F-A218-4696-A1CC-0A5A6D99606E}.Release|Any CPU.Build.0 = Release|Any CPU
	EndGlobalSection
	GlobalSection(SolutionProperties) = preSolution
		HideSolutionNode = FALSE
	EndGlobalSection
	GlobalSection(ExtensibilityGlobals) = postSolution
		SolutionGuid = {2A34C405-BD72-4C2B-9CA1-62B54968C506}
	EndGlobalSection
EndGlobal
